
Microsoft Visual Studio Solution File, Format Version 12.00
# Visual Studio Version 17
VisualStudioVersion = 17.4.33213.308
MinimumVisualStudioVersion = 10.0.40219.1
Project("{FAE04EC0-301F-11D3-BF4B-00C04F79EFBC}") = "sarverside", "sarverside\sarverside.csproj", "{BDBD6A67-BE86-4F4B-9B54-C9F14243C13E}"
EndProject
Global
	GlobalSection(SolutionConfigurationPlatforms) = preSolution
		Debug|Any CPU = Debug|Any CPU
		Release|Any CPU = Release|Any CPU
	EndGlobalSection
	GlobalSection(ProjectConfigurationPlatforms) = postSolution
		{BDBD6A67-BE86-4F4B-9B54-C9F14243C13E}.Debug|Any CPU.ActiveCfg = Debug|Any CPU
		{BDBD6A67-BE86-4F4B-9B54-C9F14243C13E}.Debug|Any CPU.Build.0 = Debug|Any CPU
		{BDBD6A67-BE86-4F4B-9B54-C9F14243C13E}.Release|Any CPU.ActiveCfg = Release|Any CPU
		{BDBD6A67-BE86-4F4B-9B54-C9F14243C13E}.Release|Any CPU.Build.0 = Release|Any CPU
	EndGlobalSection
	GlobalSection(SolutionProperties) = preSolution
		HideSolutionNode = FALSE
	EndGlobalSection
	GlobalSection(ExtensibilityGlobals) = postSolution
		SolutionGuid = {1ED1EBE1-DB67-414B-9829-99A5A502E5C3}
	EndGlobalSection
EndGlobal
